# This file is autogenerated, do not edit; changes may be undone by the next 'dep ensure'.


[[projects]]
  name = "github.com/boltdb/bolt"
  packages = ["."]
  revision = "2f1ce7a837dcb8da3ec595b1dac9d0632f0f99e8"
  version = "v1.3.1"

[[projects]]
  name = "github.com/elves/elvish"
  packages = ["store","store/storedefs","util"]
  revision = "013410db16804ad2d6f9db32f14da9c5742925cf"

[[projects]]
  name = "github.com/mattn/go-sqlite3"
  packages = ["."]
  revision = "ca5e3819723d8eeaf170ad510e7da1d6d2e94a08"
  version = "v1.2.0"

[[projects]]
  branch = "master"
  name = "golang.org/x/net"
  packages = ["context"]
  revision = "ab5485076ff3407ad2d02db054635913f017b0ed"

[[projects]]
  branch = "master"
  name = "golang.org/x/sys"
  packages = ["unix"]
  revision = "14ac33bf8474b62c65cae263af2e4d3b543cc699"

[solve-meta]
  analyzer-name = "dep"
  analyzer-version = 1
  inputs-digest = "0d8da4b7571ac51439eddc568413ecb9d75e5af74c7e640be6bab3debd40e469"
  solver-name = "gps-cdcl"
  solver-version = 1
